Microsoft Visual Studio Solution File, Format Version 12.00
# Visual Studio Version 17
VisualStudioVersion = 17.14.35906.104 d17.14
MinimumVisualStudioVersion = 10.0.40219.1
Project("{FAE04EC0-301F-11D3-BF4B-00C04F79EFBC}") = "AspireAppTest.AppHost", "AspireAppTest.AppHost\AspireAppTest.AppHost.csproj", "{2CEB2EE3-9F80-4F36-808E-87B2718CB58B}"
EndProject
Project("{FAE04EC0-301F-11D3-BF4B-00C04F79EFBC}") = "AspireAppTest.ServiceDefaults", "AspireAppTest.ServiceDefaults\AspireAppTest.ServiceDefaults.csproj", "{69B5DED9-51CE-6115-6541-68C5D1A71FE4}"
EndProject
Project("{FAE04EC0-301F-11D3-BF4B-00C04F79EFBC}") = "AspireAppTest.ApiService", "AspireAppTest.ApiService\AspireAppTest.ApiService.csproj", "{A57DF6E5-21E2-F6FB-C7D7-2EF4E88165FC}"
EndProject
Project("{FAE04EC0-301F-11D3-BF4B-00C04F79EFBC}") = "AspireAppTest.Web", "AspireAppTest.Web\AspireAppTest.Web.csproj", "{D7791852-8886-9CBD-3E61-3EA10559ADC8}"
EndProject
Project("{FAE04EC0-301F-11D3-BF4B-00C04F79EFBC}") = "AspireAppTest.Tests", "AspireAppTest.Tests\AspireAppTest.Tests.csproj", "{3D32318F-CBC9-1383-05D4-DF4392692EB9}"
EndProject
Global
	GlobalSection(SolutionConfigurationPlatforms) = preSolution
		Debug|Any CPU = Debug|Any CPU
		Release|Any CPU = Release|Any CPU
	EndGlobalSection
	GlobalSection(ProjectConfigurationPlatforms) = postSolution
		{2CEB2EE3-9F80-4F36-808E-87B2718CB58B}.Debug|Any CPU.ActiveCfg = Debug|Any CPU
		{2CEB2EE3-9F80-4F36-808E-87B2718CB58B}.Debug|Any CPU.Build.0 = Debug|Any CPU
		{2CEB2EE3-9F80-4F36-808E-87B2718CB58B}.Release|Any CPU.ActiveCfg = Release|Any CPU
		{2CEB2EE3-9F80-4F36-808E-87B2718CB58B}.Release|Any CPU.Build.0 = Release|Any CPU
		{69B5DED9-51CE-6115-6541-68C5D1A71FE4}.Debug|Any CPU.ActiveCfg = Debug|Any CPU
		{69B5DED9-51CE-6115-6541-68C5D1A71FE4}.Debug|Any CPU.Build.0 = Debug|Any CPU
		{69B5DED9-51CE-6115-6541-68C5D1A71FE4}.Release|Any CPU.ActiveCfg = Release|Any CPU
		{69B5DED9-51CE-6115-6541-68C5D1A71FE4}.Release|Any CPU.Build.0 = Release|Any CPU
		{A57DF6E5-21E2-F6FB-C7D7-2EF4E88165FC}.Debug|Any CPU.ActiveCfg = Debug|Any CPU
		{A57DF6E5-21E2-F6FB-C7D7-2EF4E88165FC}.Debug|Any CPU.Build.0 = Debug|Any CPU
		{A57DF6E5-21E2-F6FB-C7D7-2EF4E88165FC}.Release|Any CPU.ActiveCfg = Release|Any CPU
		{A57DF6E5-21E2-F6FB-C7D7-2EF4E88165FC}.Release|Any CPU.Build.0 = Release|Any CPU
		{D7791852-8886-9CBD-3E61-3EA10559ADC8}.Debug|Any CPU.ActiveCfg = Debug|Any CPU
		{D7791852-8886-9CBD-3E61-3EA10559ADC8}.Debug|Any CPU.Build.0 = Debug|Any CPU
		{D7791852-8886-9CBD-3E61-3EA10559ADC8}.Release|Any CPU.ActiveCfg = Release|Any CPU
		{D7791852-8886-9CBD-3E61-3EA10559ADC8}.Release|Any CPU.Build.0 = Release|Any CPU
		{3D32318F-CBC9-1383-05D4-DF4392692EB9}.Debug|Any CPU.ActiveCfg = Debug|Any CPU
		{3D32318F-CBC9-1383-05D4-DF4392692EB9}.Debug|Any CPU.Build.0 = Debug|Any CPU
		{3D32318F-CBC9-1383-05D4-DF4392692EB9}.Release|Any CPU.ActiveCfg = Release|Any CPU
		{3D32318F-CBC9-1383-05D4-DF4392692EB9}.Release|Any CPU.Build.0 = Release|Any CPU
	EndGlobalSection
	GlobalSection(SolutionProperties) = preSolution
		HideSolutionNode = FALSE
	EndGlobalSection
	GlobalSection(ExtensibilityGlobals) = postSolution
		SolutionGuid = {701DDC1C-0778-4BD1-81B3-88BA47CDD374}
	EndGlobalSection
EndGlobal
